<?xml version="1.0" encoding="utf-8"?>
<Project ToolsVersion="4.0" xmlns="http://schemas.microsoft.com/developer/msbuild/2003">
  <ItemGroup>
    <Filter Include="Source Files">
      <UniqueIdentifier>{4FC737F1-C7A5-4376-A066-2A32D752A2FF}</UniqueIdentifier>
      <Extensions>cpp;c;cc;cxx;c++;cppm;ixx;def;odl;idl;hpj;bat;asm;asmx</Extensions>
    </Filter>
    <Filter Include="Header Files">
      <UniqueIdentifier>{93995380-89BD-4b04-88EB-625FBE52EBFB}</UniqueIdentifier>
      <Extensions>h;hh;hpp;hxx;h++;hm;inl;inc;ipp;xsd</Extensions>
    </Filter>
    <Filter Include="Resource Files">
      <UniqueIdentifier>{67DA6AB6-F800-4c08-8B7A-83BB121AAD01}</UniqueIdentifier>
      <Extensions>rc;ico;cur;bmp;dlg;rc2;rct;bin;rgs;gif;jpg;jpeg;jpe;resx;tiff;tif;png;wav;mfcribbon-ms</Extensions>
    </Filter>
    <Filter Include="Source Files\headers">
      <UniqueIdentifier>{5b55b2f4-daca-4f88-86a9-319fc59e0b10}</UniqueIdentifier>
    </Filter>
    <Filter Include="Source Files\src">
      <UniqueIdentifier>{9431b40a-c6d9-475b-8fd2-4840e1b24219}</UniqueIdentifier>
    </Filter>
    <Filter Include="content">
      <UniqueIdentifier>{2e7706f3-1698-4b64-8285-401aedd55c8b}</UniqueIdentifier>
    </Filter>
    <Filter Include="content\sprites">
      <UniqueIdentifier>{3cc056a0-9186-4eef-a5a2-6688b9d31672}</UniqueIdentifier>
    </Filter>
  </ItemGroup>
  <ItemGroup>
    <ClCompile Include="source\src\graphics.cpp">
      <Filter>Source Files\src</Filter>
    </ClCompile>
    <ClCompile Include="source\src\game.cpp">
      <Filter>Source Files\src</Filter>
    </ClCompile>
    <ClCompile Include="source\src\input.cpp">
      <Filter>Source Files\src</Filter>
    </ClCompile>
    <ClCompile Include="source\src\sprite.cpp">
      <Filter>Source Files\src</Filter>
    </ClCompile>
    <ClCompile Include="source\src\Main.cpp">
      <Filter>Source Files\src</Filter>
    </ClCompile>
    <ClCompile Include="source\src\animatedsprite.cpp">
      <Filter>Source Files</Filter>
    </ClCompile>
    <ClCompile Include="source\src\player.cpp">
      <Filter>Source Files</Filter>
    </ClCompile>
    <ClCompile Include="source\src\level.cpp">
      <Filter>Source Files</Filter>
    </ClCompile>
    <ClCompile Include="source\src\tinyxml2.cpp">
      <Filter>Source Files</Filter>
    </ClCompile>
    <ClCompile Include="source\src\tile.cpp">
      <Filter>Source Files</Filter>
    </ClCompile>
    <ClCompile Include="source\src\rectangle.cpp">
      <Filter>Source Files</Filter>
    </ClCompile>
  </ItemGroup>
  <ItemGroup>
    <ClInclude Include="source\headers\game.h">
      <Filter>Source Files\headers</Filter>
    </ClInclude>
    <ClInclude Include="source\headers\graphics.h">
      <Filter>Source Files\headers</Filter>
    </ClInclude>
    <ClInclude Include="source\headers\input.h">
      <Filter>Source Files\headers</Filter>
    </ClInclude>
    <ClInclude Include="source\headers\sprite.h">
      <Filter>Source Files\headers</Filter>
    </ClInclude>
    <ClInclude Include="source\headers\globals.h">
      <Filter>Header Files</Filter>
    </ClInclude>
    <ClInclude Include="source\headers\animatedsprite.h">
      <Filter>Header Files</Filter>
    </ClInclude>
    <ClInclude Include="source\headers\player.h">
      <Filter>Header Files</Filter>
    </ClInclude>
    <ClInclude Include="source\headers\level.h">
      <Filter>Header Files</Filter>
    </ClInclude>
    <ClInclude Include="source\headers\tinyxml2.h">
      <Filter>Header Files</Filter>
    </ClInclude>
    <ClInclude Include="source\headers\tile.h">
      <Filter>Header Files</Filter>
    </ClInclude>
    <ClInclude Include="source\headers\rectangle.h">
      <Filter>Header Files</Filter>
    </ClInclude>
  </ItemGroup>
  <ItemGroup>
    <None Include="..\..\..\..\Downloads\cavestoryen\CaveStory\data\MyChar.pbm">
      <Filter>content\sprites</Filter>
    </None>
    <None Include="content\maps\Map 1.tmx" />
    <None Include="content\tilesets\PrtCave.tsx" />
    <None Include="SDL2.dll" />
  </ItemGroup>
  <ItemGroup>
    <Image Include="content\sprites\MyChar.png">
      <Filter>Resource Files</Filter>
    </Image>
    <Image Include="content\backgrounds\bkBlue.png">
      <Filter>Resource Files</Filter>
    </Image>
    <Image Include="content\tilesets\PrtCave.png">
      <Filter>Resource Files</Filter>
    </Image>
  </ItemGroup>
</Project>